
Microsoft Visual Studio Solution File, Format Version 12.00
# Visual Studio Version 17
VisualStudioVersion = 17.14.36511.14 d17.14
MinimumVisualStudioVersion = 10.0.40219.1
Project("{FAE04EC0-301F-11D3-BF4B-00C04F79EFBC}") = "MyBrowser", "MyBrowser.csproj", "{4A52E9DB-6B4A-4BA3-951B-8821A5BFB640}"
EndProject
Global
	GlobalSection(SolutionConfigurationPlatforms) = preSolution
		Debug|Any CPU = Debug|Any CPU
		Release|Any CPU = Release|Any CPU
	EndGlobalSection
	GlobalSection(ProjectConfigurationPlatforms) = postSolution
		{4A52E9DB-6B4A-4BA3-951B-8821A5BFB640}.Debug|Any CPU.ActiveCfg = Debug|Any CPU
		{4A52E9DB-6B4A-4BA3-951B-8821A5BFB640}.Debug|Any CPU.Build.0 = Debug|Any CPU
		{4A52E9DB-6B4A-4BA3-951B-8821A5BFB640}.Release|Any CPU.ActiveCfg = Release|Any CPU
		{4A52E9DB-6B4A-4BA3-951B-8821A5BFB640}.Release|Any CPU.Build.0 = Release|Any CPU
	EndGlobalSection
	GlobalSection(SolutionProperties) = preSolution
		HideSolutionNode = FALSE
	EndGlobalSection
	GlobalSection(ExtensibilityGlobals) = postSolution
		SolutionGuid = {97C008B6-19B9-43AA-8CEC-9AA750736780}
	EndGlobalSection
EndGlobal
